
Microsoft Visual Studio Solution File, Format Version 12.00
# Visual Studio Version 17
VisualStudioVersion = 17.4.33213.308
MinimumVisualStudioVersion = 10.0.40219.1
Project("{9A19103F-16F7-4668-BE54-9A1E7A4F7556}") = "disaster alleviation foundation", "disaster alleviation foundation\disaster alleviation foundation.csproj", "{A813C789-6A44-4C02-B247-E3CCF49CDF85}"
EndProject
Global
	GlobalSection(SolutionConfigurationPlatforms) = preSolution
		Debug|Any CPU = Debug|Any CPU
		Release|Any CPU = Release|Any CPU
	EndGlobalSection
	GlobalSection(ProjectConfigurationPlatforms) = postSolution
		{A813C789-6A44-4C02-B247-E3CCF49CDF85}.Debug|Any CPU.ActiveCfg = Debug|Any CPU
		{A813C789-6A44-4C02-B247-E3CCF49CDF85}.Debug|Any CPU.Build.0 = Debug|Any CPU
		{A813C789-6A44-4C02-B247-E3CCF49CDF85}.Release|Any CPU.ActiveCfg = Release|Any CPU
		{A813C789-6A44-4C02-B247-E3CCF49CDF85}.Release|Any CPU.Build.0 = Release|Any CPU
	EndGlobalSection
	GlobalSection(SolutionProperties) = preSolution
		HideSolutionNode = FALSE
	EndGlobalSection
	GlobalSection(ExtensibilityGlobals) = postSolution
		SolutionGuid = {E95795C7-1B4D-483C-A3F9-4E5F2AC5F702}
	EndGlobalSection
EndGlobal
